{
  "name": "@divriots/starter-lit-lion",
  "version": "0.0.0",
  "lockfileVersion": 2,
  "requires": true,
  "packages": {
    "": {
      "name": "@divriots/starter-lit-lion",
      "version": "0.0.0",
      "license": "ISC",
      "devDependencies": {
        "dsd-cli": "latest"
      }
    },
    "node_modules/@firebase/analytics": {
      "version": "0.6.2",
      "dev": true,
      "license": "Apache-2.0",
      "dependencies": {
        "@firebase/analytics-types": "0.4.0",
        "@firebase/component": "0.1.21",
        "@firebase/installations": "0.4.19",
        "@firebase/logger": "0.2.6",
        "@firebase/util": "0.3.4",
        "tslib": "^1.11.1"
      },
      "peerDependencies": {
        "@firebase/app": "0.x",
        "@firebase/app-types": "0.x"
      }
    },
    "node_modules/@firebase/analytics-types": {
      "version": "0.4.0",
      "dev": true,
      "license": "Apache-2.0"
    },
    "node_modules/@firebase/app": {
      "version": "0.6.13",
      "dev": true,
      "license": "Apache-2.0",
      "dependencies": {
        "@firebase/app-types": "0.6.1",
        "@firebase/component": "0.1.21",
        "@firebase/logger": "0.2.6",
        "@firebase/util": "0.3.4",
        "dom-storage": "2.1.0",
        "tslib": "^1.11.1",
        "xmlhttprequest": "1.8.0"
      }
    },
    "node_modules/@firebase/app-types": {
      "version": "0.6.1",
      "dev": true,
      "license": "Apache-2.0"
    },
    "node_modules/@firebase/auth": {
      "version": "0.16.1",
      "dev": true,
      "license": "Apache-2.0",
      "dependencies": {
        "@firebase/auth-types": "0.10.1"
      },
      "peerDependencies": {
        "@firebase/app": "0.x"
      }
    },
    "node_modules/@firebase/auth-interop-types": {
      "version": "0.1.5",
      "dev": true,
      "license": "Apache-2.0",
      "peerDependencies": {
        "@firebase/app-types": "0.x",
        "@firebase/util": "0.x"
      }
    },
    "node_modules/@firebase/auth-types": {
      "version": "0.10.1",
      "dev": true,
      "license": "Apache-2.0",
      "peerDependencies": {
        "@firebase/app-types": "0.x",
        "@firebase/util": "0.x"
      }
    },
    "node_modules/@firebase/component": {
      "version": "0.1.21",
      "dev": true,
      "license": "Apache-2.0",
      "dependencies": {
        "@firebase/util": "0.3.4",
        "tslib": "^1.11.1"
      }
    },
    "node_modules/@firebase/database": {
      "version": "0.8.2",
      "dev": true,
      "license": "Apache-2.0",
      "dependencies": {
        "@firebase/auth-interop-types": "0.1.5",
        "@firebase/component": "0.1.21",
        "@firebase/database-types": "0.6.1",
        "@firebase/logger": "0.2.6",
        "@firebase/util": "0.3.4",
        "faye-websocket": "0.11.3",
        "tslib": "^1.11.1"
      }
    },
    "node_modules/@firebase/database-types": {
      "version": "0.6.1",
      "dev": true,
      "license": "Apache-2.0",
      "dependencies": {
        "@firebase/app-types": "0.6.1"
      }
    },
    "node_modules/@firebase/firestore": {
      "version": "2.1.2",
      "dev": true,
      "license": "Apache-2.0",
      "dependencies": {
        "@firebase/component": "0.1.21",
        "@firebase/firestore-types": "2.1.0",
        "@firebase/logger": "0.2.6",
        "@firebase/util": "0.3.4",
        "@firebase/webchannel-wrapper": "0.4.1",
        "@grpc/grpc-js": "^1.0.0",
        "@grpc/proto-loader": "^0.5.0",
        "node-fetch": "2.6.1",
        "tslib": "^1.11.1"
      },
      "engines": {
        "node": "^8.13.0 || >=10.10.0"
      },
      "peerDependencies": {
        "@firebase/app": "0.x",
        "@firebase/app-types": "0.x"
      }
    },
    "node_modules/@firebase/firestore-types": {
      "version": "2.1.0",
      "dev": true,
      "license": "Apache-2.0",
      "peerDependencies": {
        "@firebase/app-types": "0.x"
      }
    },
    "node_modules/@firebase/functions": {
      "version": "0.6.1",
      "dev": true,
      "license": "Apache-2.0",
      "dependencies": {
        "@firebase/component": "0.1.21",
        "@firebase/functions-types": "0.4.0",
        "@firebase/messaging-types": "0.5.0",
        "node-fetch": "2.6.1",
        "tslib": "^1.11.1"
      },
      "peerDependencies": {
        "@firebase/app": "0.x",
        "@firebase/app-types": "0.x"
      }
    },
    "node_modules/@firebase/functions-types": {
      "version": "0.4.0",
      "dev": true,
      "license": "Apache-2.0"
    },
    "node_modules/@firebase/installations": {
      "version": "0.4.19",
      "dev": true,
      "license": "Apache-2.0",
      "dependencies": {
        "@firebase/component": "0.1.21",
        "@firebase/installations-types": "0.3.4",
        "@firebase/util": "0.3.4",
        "idb": "3.0.2",
        "tslib": "^1.11.1"
      },
      "peerDependencies": {
        "@firebase/app": "0.x",
        "@firebase/app-types": "0.x"
      }
    },
    "node_modules/@firebase/installations-types": {
      "version": "0.3.4",
      "dev": true,
      "license": "Apache-2.0",
      "peerDependencies": {
        "@firebase/app-types": "0.x"
      }
    },
    "node_modules/@firebase/logger": {
      "version": "0.2.6",
      "dev": true,
      "license": "Apache-2.0"
    },
    "node_modules/@firebase/messaging": {
      "version": "0.7.3",
      "dev": true,
      "license": "Apache-2.0",
      "dependencies": {
        "@firebase/component": "0.1.21",
        "@firebase/installations": "0.4.19",
        "@firebase/messaging-types": "0.5.0",
        "@firebase/util": "0.3.4",
        "idb": "3.0.2",
        "tslib": "^1.11.1"
      },
      "peerDependencies": {
        "@firebase/app": "0.x",
        "@firebase/app-types": "0.x"
      }
    },
    "node_modules/@firebase/messaging-types": {
      "version": "0.5.0",
      "dev": true,
      "license": "Apache-2.0",
      "peerDependencies": {
        "@firebase/app-types": "0.x"
      }
    },
    "node_modules/@firebase/performance": {
      "version": "0.4.5",
      "dev": true,
      "license": "Apache-2.0",
      "dependencies": {
        "@firebase/component": "0.1.21",
        "@firebase/installations": "0.4.19",
        "@firebase/logger": "0.2.6",
        "@firebase/performance-types": "0.0.13",
        "@firebase/util": "0.3.4",
        "tslib": "^1.11.1"
      },
      "peerDependencies": {
        "@firebase/app": "0.x",
        "@firebase/app-types": "0.x"
      }
    },
    "node_modules/@firebase/performance-types": {
      "version": "0.0.13",
      "dev": true,
      "license": "Apache-2.0"
    },
    "node_modules/@firebase/polyfill": {
      "version": "0.3.36",
      "dev": true,
      "license": "Apache-2.0",
      "dependencies": {
        "core-js": "3.6.5",
        "promise-polyfill": "8.1.3",
        "whatwg-fetch": "2.0.4"
      }
    },
    "node_modules/@firebase/remote-config": {
      "version": "0.1.30",
      "dev": true,
      "license": "Apache-2.0",
      "dependencies": {
        "@firebase/component": "0.1.21",
        "@firebase/installations": "0.4.19",
        "@firebase/logger": "0.2.6",
        "@firebase/remote-config-types": "0.1.9",
        "@firebase/util": "0.3.4",
        "tslib": "^1.11.1"
      },
      "peerDependencies": {
        "@firebase/app": "0.x",
        "@firebase/app-types": "0.x"
      }
    },
    "node_modules/@firebase/remote-config-types": {
      "version": "0.1.9",
      "dev": true,
      "license": "Apache-2.0"
    },
    "node_modules/@firebase/storage": {
      "version": "0.4.2",
      "dev": true,
      "license": "Apache-2.0",
      "dependencies": {
        "@firebase/component": "0.1.21",
        "@firebase/storage-types": "0.3.13",
        "@firebase/util": "0.3.4",
        "tslib": "^1.11.1"
      },
      "peerDependencies": {
        "@firebase/app": "0.x",
        "@firebase/app-types": "0.x"
      }
    },
    "node_modules/@firebase/storage-types": {
      "version": "0.3.13",
      "dev": true,
      "license": "Apache-2.0",
      "peerDependencies": {
        "@firebase/app-types": "0.x",
        "@firebase/util": "0.x"
      }
    },
    "node_modules/@firebase/util": {
      "version": "0.3.4",
      "dev": true,
      "license": "Apache-2.0",
      "dependencies": {
        "tslib": "^1.11.1"
      }
    },
    "node_modules/@firebase/webchannel-wrapper": {
      "version": "0.4.1",
      "dev": true,
      "license": "Apache-2.0"
    },
    "node_modules/@grpc/grpc-js": {
      "version": "1.3.4",
      "dev": true,
      "license": "Apache-2.0",
      "dependencies": {
        "@types/node": ">=12.12.47"
      },
      "engines": {
        "node": "^8.13.0 || >=10.10.0"
      }
    },
    "node_modules/@grpc/proto-loader": {
      "version": "0.5.6",
      "dev": true,
      "license": "Apache-2.0",
      "dependencies": {
        "lodash.camelcase": "^4.3.0",
        "protobufjs": "^6.8.6"
      },
      "engines": {
        "node": ">=6"
      }
    },
    "node_modules/@protobufjs/aspromise": {
      "version": "1.1.2",
      "dev": true,
      "license": "BSD-3-Clause"
    },
    "node_modules/@protobufjs/base64": {
      "version": "1.1.2",
      "dev": true,
      "license": "BSD-3-Clause"
    },
    "node_modules/@protobufjs/codegen": {
      "version": "2.0.4",
      "dev": true,
      "license": "BSD-3-Clause"
    },
    "node_modules/@protobufjs/eventemitter": {
      "version": "1.1.0",
      "dev": true,
      "license": "BSD-3-Clause"
    },
    "node_modules/@protobufjs/fetch": {
      "version": "1.1.0",
      "dev": true,
      "license": "BSD-3-Clause",
      "dependencies": {
        "@protobufjs/aspromise": "^1.1.1",
        "@protobufjs/inquire": "^1.1.0"
      }
    },
    "node_modules/@protobufjs/float": {
      "version": "1.0.2",
      "dev": true,
      "license": "BSD-3-Clause"
    },
    "node_modules/@protobufjs/inquire": {
      "version": "1.1.0",
      "dev": true,
      "license": "BSD-3-Clause"
    },
    "node_modules/@protobufjs/path": {
      "version": "1.1.2",
      "dev": true,
      "license": "BSD-3-Clause"
    },
    "node_modules/@protobufjs/pool": {
      "version": "1.1.0",
      "dev": true,
      "license": "BSD-3-Clause"
    },
    "node_modules/@protobufjs/utf8": {
      "version": "1.1.0",
      "dev": true,
      "license": "BSD-3-Clause"
    },
    "node_modules/@types/long": {
      "version": "4.0.1",
      "dev": true,
      "license": "MIT"
    },
    "node_modules/@types/node": {
      "version": "16.0.0",
      "dev": true,
      "license": "MIT"
    },
    "node_modules/ansi-align": {
      "version": "3.0.0",
      "dev": true,
      "license": "ISC",
      "dependencies": {
        "string-width": "^3.0.0"
      }
    },
    "node_modules/ansi-align/node_modules/ansi-regex": {
      "version": "4.1.0",
      "dev": true,
      "license": "MIT",
      "engines": {
        "node": ">=6"
      }
    },
    "node_modules/ansi-align/node_modules/emoji-regex": {
      "version": "7.0.3",
      "dev": true,
      "license": "MIT"
    },
    "node_modules/ansi-align/node_modules/is-fullwidth-code-point": {
      "version": "2.0.0",
      "dev": true,
      "license": "MIT",
      "engines": {
        "node": ">=4"
      }
    },
    "node_modules/ansi-align/node_modules/string-width": {
      "version": "3.1.0",
      "dev": true,
      "license": "MIT",
      "dependencies": {
        "emoji-regex": "^7.0.1",
        "is-fullwidth-code-point": "^2.0.0",
        "strip-ansi": "^5.1.0"
      },
      "engines": {
        "node": ">=6"
      }
    },
    "node_modules/ansi-align/node_modules/strip-ansi": {
      "version": "5.2.0",
      "dev": true,
      "license": "MIT",
      "dependencies": {
        "ansi-regex": "^4.1.0"
      },
      "engines": {
        "node": ">=6"
      }
    },
    "node_modules/ansi-colors": {
      "version": "4.1.1",
      "dev": true,
      "license": "MIT",
      "engines": {
        "node": ">=6"
      }
    },
    "node_modules/ansi-regex": {
      "version": "5.0.0",
      "dev": true,
      "license": "MIT",
      "engines": {
        "node": ">=8"
      }
    },
    "node_modules/ansi-styles": {
      "version": "4.3.0",
      "dev": true,
      "license": "MIT",
      "dependencies": {
        "color-convert": "^2.0.1"
      },
      "engines": {
        "node": ">=8"
      },
      "funding": {
        "url": "https://github.com/chalk/ansi-styles?sponsor=1"
      }
    },
    "node_modules/anymatch": {
      "version": "3.1.2",
      "dev": true,
      "license": "ISC",
      "dependencies": {
        "normalize-path": "^3.0.0",
        "picomatch": "^2.0.4"
      },
      "engines": {
        "node": ">= 8"
      }
    },
    "node_modules/at-least-node": {
      "version": "1.0.0",
      "dev": true,
      "license": "ISC",
      "engines": {
        "node": ">= 4.0.0"
      }
    },
    "node_modules/balanced-match": {
      "version": "1.0.2",
      "dev": true,
      "license": "MIT"
    },
    "node_modules/binary-extensions": {
      "version": "2.2.0",
      "dev": true,
      "license": "MIT",
      "engines": {
        "node": ">=8"
      }
    },
    "node_modules/bluebird": {
      "version": "3.3.4",
      "dev": true,
      "license": "MIT"
    },
    "node_modules/boxen": {
      "version": "5.0.1",
      "dev": true,
      "license": "MIT",
      "dependencies": {
        "ansi-align": "^3.0.0",
        "camelcase": "^6.2.0",
        "chalk": "^4.1.0",
        "cli-boxes": "^2.2.1",
        "string-width": "^4.2.0",
        "type-fest": "^0.20.2",
        "widest-line": "^3.1.0",
        "wrap-ansi": "^7.0.0"
      },
      "engines": {
        "node": ">=10"
      },
      "funding": {
        "url": "https://github.com/sponsors/sindresorhus"
      }
    },
    "node_modules/brace-expansion": {
      "version": "1.1.11",
      "dev": true,
      "license": "MIT",
      "dependencies": {
        "balanced-match": "^1.0.0",
        "concat-map": "0.0.1"
      }
    },
    "node_modules/braces": {
      "version": "3.0.2",
      "dev": true,
      "license": "MIT",
      "dependencies": {
        "fill-range": "^7.0.1"
      },
      "engines": {
        "node": ">=8"
      }
    },
    "node_modules/camelcase": {
      "version": "6.2.0",
      "dev": true,
      "license": "MIT",
      "engines": {
        "node": ">=10"
      },
      "funding": {
        "url": "https://github.com/sponsors/sindresorhus"
      }
    },
    "node_modules/chalk": {
      "version": "4.1.1",
      "dev": true,
      "license": "MIT",
      "dependencies": {
        "ansi-styles": "^4.1.0",
        "supports-color": "^7.1.0"
      },
      "engines": {
        "node": ">=10"
      },
      "funding": {
        "url": "https://github.com/chalk/chalk?sponsor=1"
      }
    },
    "node_modules/chokidar": {
      "version": "3.5.2",
      "dev": true,
      "license": "MIT",
      "dependencies": {
        "anymatch": "~3.1.2",
        "braces": "~3.0.2",
        "glob-parent": "~5.1.2",
        "is-binary-path": "~2.1.0",
        "is-glob": "~4.0.1",
        "normalize-path": "~3.0.0",
        "readdirp": "~3.6.0"
      },
      "engines": {
        "node": ">= 8.10.0"
      },
      "optionalDependencies": {
        "fsevents": "~2.3.2"
      }
    },
    "node_modules/cli-boxes": {
      "version": "2.2.1",
      "dev": true,
      "license": "MIT",
      "engines": {
        "node": ">=6"
      },
      "funding": {
        "url": "https://github.com/sponsors/sindresorhus"
      }
    },
    "node_modules/color-convert": {
      "version": "2.0.1",
      "dev": true,
      "license": "MIT",
      "dependencies": {
        "color-name": "~1.1.4"
      },
      "engines": {
        "node": ">=7.0.0"
      }
    },
    "node_modules/color-name": {
      "version": "1.1.4",
      "dev": true,
      "license": "MIT"
    },
    "node_modules/commander": {
      "version": "6.2.1",
      "dev": true,
      "license": "MIT",
      "engines": {
        "node": ">= 6"
      }
    },
    "node_modules/concat-map": {
      "version": "0.0.1",
      "dev": true,
      "license": "MIT"
    },
    "node_modules/core-js": {
      "version": "3.6.5",
      "dev": true,
      "hasInstallScript": true,
      "license": "MIT",
      "funding": {
        "type": "opencollective",
        "url": "https://opencollective.com/core-js"
      }
    },
    "node_modules/diff": {
      "version": "5.0.0",
      "dev": true,
      "license": "BSD-3-Clause",
      "engines": {
        "node": ">=0.3.1"
      }
    },
    "node_modules/dom-storage": {
      "version": "2.1.0",
      "dev": true,
      "license": "(MIT or Apache-2.0)",
      "engines": {
        "node": "*"
      }
    },
    "node_modules/dsd-cli": {
      "version": "0.5.1",
      "resolved": "https://registry.npmjs.org/dsd-cli/-/dsd-cli-0.5.1.tgz",
      "integrity": "sha512-/wLvNNZ74CyTcwOeiK1ruB6bed1Q23V9MaoQIh26F9kDQ23HyVn9EQdEVivt8O7a0YLyJc8KPG4A2FfNuPagLg==",
      "dev": true,
      "dependencies": {
        "boxen": "^5.0.0",
        "chalk": "^4.1.0",
        "chokidar": "^3.5.1",
        "commander": "^6.2.1",
        "diff": "^5.0.0",
        "enquirer": "^2.3.6",
        "find-free-port": "^2.0.0",
        "find-git-root": "^1.0.4",
        "firebase": "8.2.2",
        "fs-extra": "^9.0.1",
        "glob": "^7.1.6",
        "node-fetch": "^2.6.1",
        "open": "^7.0.2",
        "pretty-file-tree": "^1.0.1",
        "rimraf": "^3.0.2",
        "shutdown-hook": "^1.1.8"
      },
      "bin": {
        "dsd-cli": "cli.js"
      }
    },
    "node_modules/emoji-regex": {
      "version": "8.0.0",
      "dev": true,
      "license": "MIT"
    },
    "node_modules/enquirer": {
      "version": "2.3.6",
      "dev": true,
      "license": "MIT",
      "dependencies": {
        "ansi-colors": "^4.1.1"
      },
      "engines": {
        "node": ">=8.6"
      }
    },
    "node_modules/faye-websocket": {
      "version": "0.11.3",
      "dev": true,
      "license": "Apache-2.0",
      "dependencies": {
        "websocket-driver": ">=0.5.1"
      },
      "engines": {
        "node": ">=0.8.0"
      }
    },
    "node_modules/fill-range": {
      "version": "7.0.1",
      "dev": true,
      "license": "MIT",
      "dependencies": {
        "to-regex-range": "^5.0.1"
      },
      "engines": {
        "node": ">=8"
      }
    },
    "node_modules/find-free-port": {
      "version": "2.0.0",
      "dev": true,
      "license": "ISC"
    },
    "node_modules/find-git-root": {
      "version": "1.0.4",
      "dev": true,
      "license": "MIT"
    },
    "node_modules/firebase": {
      "version": "8.2.2",
      "dev": true,
      "license": "Apache-2.0",
      "dependencies": {
        "@firebase/analytics": "0.6.2",
        "@firebase/app": "0.6.13",
        "@firebase/app-types": "0.6.1",
        "@firebase/auth": "0.16.1",
        "@firebase/database": "0.8.2",
        "@firebase/firestore": "2.1.2",
        "@firebase/functions": "0.6.1",
        "@firebase/installations": "0.4.19",
        "@firebase/messaging": "0.7.3",
        "@firebase/performance": "0.4.5",
        "@firebase/polyfill": "0.3.36",
        "@firebase/remote-config": "0.1.30",
        "@firebase/storage": "0.4.2",
        "@firebase/util": "0.3.4"
      },
      "engines": {
        "node": "^8.13.0 || >=10.10.0"
      }
    },
    "node_modules/fs-extra": {
      "version": "9.1.0",
      "dev": true,
      "license": "MIT",
      "dependencies": {
        "at-least-node": "^1.0.0",
        "graceful-fs": "^4.2.0",
        "jsonfile": "^6.0.1",
        "universalify": "^2.0.0"
      },
      "engines": {
        "node": ">=10"
      }
    },
    "node_modules/fs.realpath": {
      "version": "1.0.0",
      "dev": true,
      "license": "ISC"
    },
    "node_modules/glob": {
      "version": "7.1.7",
      "dev": true,
      "license": "ISC",
      "dependencies": {
        "fs.realpath": "^1.0.0",
        "inflight": "^1.0.4",
        "inherits": "2",
        "minimatch": "^3.0.4",
        "once": "^1.3.0",
        "path-is-absolute": "^1.0.0"
      },
      "engines": {
        "node": "*"
      },
      "funding": {
        "url": "https://github.com/sponsors/isaacs"
      }
    },
    "node_modules/glob-parent": {
      "version": "5.1.2",
      "dev": true,
      "license": "ISC",
      "dependencies": {
        "is-glob": "^4.0.1"
      },
      "engines": {
        "node": ">= 6"
      }
    },
    "node_modules/graceful-fs": {
      "version": "4.2.6",
      "dev": true,
      "license": "ISC"
    },
    "node_modules/has-flag": {
      "version": "4.0.0",
      "dev": true,
      "license": "MIT",
      "engines": {
        "node": ">=8"
      }
    },
    "node_modules/http-parser-js": {
      "version": "0.5.3",
      "dev": true,
      "license": "MIT"
    },
    "node_modules/idb": {
      "version": "3.0.2",
      "dev": true,
      "license": "ISC"
    },
    "node_modules/inflight": {
      "version": "1.0.6",
      "dev": true,
      "license": "ISC",
      "dependencies": {
        "once": "^1.3.0",
        "wrappy": "1"
      }
    },
    "node_modules/inherits": {
      "version": "2.0.4",
      "dev": true,
      "license": "ISC"
    },
    "node_modules/is-binary-path": {
      "version": "2.1.0",
      "dev": true,
      "license": "MIT",
      "dependencies": {
        "binary-extensions": "^2.0.0"
      },
      "engines": {
        "node": ">=8"
      }
    },
    "node_modules/is-docker": {
      "version": "2.2.1",
      "dev": true,
      "license": "MIT",
      "bin": {
        "is-docker": "cli.js"
      },
      "engines": {
        "node": ">=8"
      },
      "funding": {
        "url": "https://github.com/sponsors/sindresorhus"
      }
    },
    "node_modules/is-extglob": {
      "version": "2.1.1",
      "dev": true,
      "license": "MIT",
      "engines": {
        "node": ">=0.10.0"
      }
    },
    "node_modules/is-fullwidth-code-point": {
      "version": "3.0.0",
      "dev": true,
      "license": "MIT",
      "engines": {
        "node": ">=8"
      }
    },
    "node_modules/is-glob": {
      "version": "4.0.1",
      "dev": true,
      "license": "MIT",
      "dependencies": {
        "is-extglob": "^2.1.1"
      },
      "engines": {
        "node": ">=0.10.0"
      }
    },
    "node_modules/is-number": {
      "version": "7.0.0",
      "dev": true,
      "license": "MIT",
      "engines": {
        "node": ">=0.12.0"
      }
    },
    "node_modules/is-wsl": {
      "version": "2.2.0",
      "dev": true,
      "license": "MIT",
      "dependencies": {
        "is-docker": "^2.0.0"
      },
      "engines": {
        "node": ">=8"
      }
    },
    "node_modules/jsonfile": {
      "version": "6.1.0",
      "dev": true,
      "license": "MIT",
      "dependencies": {
        "universalify": "^2.0.0"
      },
      "optionalDependencies": {
        "graceful-fs": "^4.1.6"
      }
    },
    "node_modules/lodash": {
      "version": "4.17.19",
      "dev": true,
      "license": "MIT"
    },
    "node_modules/lodash.camelcase": {
      "version": "4.3.0",
      "dev": true,
      "license": "MIT"
    },
    "node_modules/long": {
      "version": "4.0.0",
      "dev": true,
      "license": "Apache-2.0"
    },
    "node_modules/minimatch": {
      "version": "3.0.4",
      "dev": true,
      "license": "ISC",
      "dependencies": {
        "brace-expansion": "^1.1.7"
      },
      "engines": {
        "node": "*"
      }
    },
    "node_modules/node-fetch": {
      "version": "2.6.1",
      "dev": true,
      "license": "MIT",
      "engines": {
        "node": "4.x || >=6.0.0"
      }
    },
    "node_modules/normalize-path": {
      "version": "3.0.0",
      "dev": true,
      "license": "MIT",
      "engines": {
        "node": ">=0.10.0"
      }
    },
    "node_modules/once": {
      "version": "1.4.0",
      "dev": true,
      "license": "ISC",
      "dependencies": {
        "wrappy": "1"
      }
    },
    "node_modules/open": {
      "version": "7.4.2",
      "dev": true,
      "license": "MIT",
      "dependencies": {
        "is-docker": "^2.0.0",
        "is-wsl": "^2.1.1"
      },
      "engines": {
        "node": ">=8"
      },
      "funding": {
        "url": "https://github.com/sponsors/sindresorhus"
      }
    },
    "node_modules/path-is-absolute": {
      "version": "1.0.1",
      "dev": true,
      "license": "MIT",
      "engines": {
        "node": ">=0.10.0"
      }
    },
    "node_modules/picomatch": {
      "version": "2.3.0",
      "dev": true,
      "license": "MIT",
      "engines": {
        "node": ">=8.6"
      },
      "funding": {
        "url": "https://github.com/sponsors/jonschlinkert"
      }
    },
    "node_modules/pretty-file-tree": {
      "version": "1.0.1",
      "dev": true,
      "license": "MIT"
    },
    "node_modules/promise-polyfill": {
      "version": "8.1.3",
      "dev": true,
      "license": "MIT"
    },
    "node_modules/protobufjs": {
      "version": "6.11.2",
      "dev": true,
      "hasInstallScript": true,
      "license": "BSD-3-Clause",
      "dependencies": {
        "@protobufjs/aspromise": "^1.1.2",
        "@protobufjs/base64": "^1.1.2",
        "@protobufjs/codegen": "^2.0.4",
        "@protobufjs/eventemitter": "^1.1.0",
        "@protobufjs/fetch": "^1.1.0",
        "@protobufjs/float": "^1.0.2",
        "@protobufjs/inquire": "^1.1.0",
        "@protobufjs/path": "^1.1.2",
        "@protobufjs/pool": "^1.1.0",
        "@protobufjs/utf8": "^1.1.0",
        "@types/long": "^4.0.1",
        "@types/node": ">=13.7.0",
        "long": "^4.0.0"
      },
      "bin": {
        "pbjs": "bin/pbjs",
        "pbts": "bin/pbts"
      }
    },
    "node_modules/readdirp": {
      "version": "3.6.0",
      "dev": true,
      "license": "MIT",
      "dependencies": {
        "picomatch": "^2.2.1"
      },
      "engines": {
        "node": ">=8.10.0"
      }
    },
    "node_modules/rimraf": {
      "version": "3.0.2",
      "dev": true,
      "license": "ISC",
      "dependencies": {
        "glob": "^7.1.3"
      },
      "bin": {
        "rimraf": "bin.js"
      },
      "funding": {
        "url": "https://github.com/sponsors/isaacs"
      }
    },
    "node_modules/safe-buffer": {
      "version": "5.2.1",
      "dev": true,
      "funding": [
        {
          "type": "github",
          "url": "https://github.com/sponsors/feross"
        },
        {
          "type": "patreon",
          "url": "https://www.patreon.com/feross"
        },
        {
          "type": "consulting",
          "url": "https://feross.org/support"
        }
      ],
      "license": "MIT"
    },
    "node_modules/shutdown-hook": {
      "version": "1.1.8",
      "dev": true,
      "license": "MIT",
      "dependencies": {
        "bluebird": "3.3.4",
        "lodash": "4.17.19"
      }
    },
    "node_modules/string-width": {
      "version": "4.2.2",
      "dev": true,
      "license": "MIT",
      "dependencies": {
        "emoji-regex": "^8.0.0",
        "is-fullwidth-code-point": "^3.0.0",
        "strip-ansi": "^6.0.0"
      },
      "engines": {
        "node": ">=8"
      }
    },
    "node_modules/strip-ansi": {
      "version": "6.0.0",
      "dev": true,
      "license": "MIT",
      "dependencies": {
        "ansi-regex": "^5.0.0"
      },
      "engines": {
        "node": ">=8"
      }
    },
    "node_modules/supports-color": {
      "version": "7.2.0",
      "dev": true,
      "license": "MIT",
      "dependencies": {
        "has-flag": "^4.0.0"
      },
      "engines": {
        "node": ">=8"
      }
    },
    "node_modules/to-regex-range": {
      "version": "5.0.1",
      "dev": true,
      "license": "MIT",
      "dependencies": {
        "is-number": "^7.0.0"
      },
      "engines": {
        "node": ">=8.0"
      }
    },
    "node_modules/tslib": {
      "version": "1.14.1",
      "dev": true,
      "license": "0BSD"
    },
    "node_modules/type-fest": {
      "version": "0.20.2",
      "dev": true,
      "license": "(MIT OR CC0-1.0)",
      "engines": {
        "node": ">=10"
      },
      "funding": {
        "url": "https://github.com/sponsors/sindresorhus"
      }
    },
    "node_modules/universalify": {
      "version": "2.0.0",
      "dev": true,
      "license": "MIT",
      "engines": {
        "node": ">= 10.0.0"
      }
    },
    "node_modules/websocket-driver": {
      "version": "0.7.4",
      "dev": true,
      "license": "Apache-2.0",
      "dependencies": {
        "http-parser-js": ">=0.5.1",
        "safe-buffer": ">=5.1.0",
        "websocket-extensions": ">=0.1.1"
      },
      "engines": {
        "node": ">=0.8.0"
      }
    },
    "node_modules/websocket-extensions": {
      "version": "0.1.4",
      "dev": true,
      "license": "Apache-2.0",
      "engines": {
        "node": ">=0.8.0"
      }
    },
    "node_modules/whatwg-fetch": {
      "version": "2.0.4",
      "dev": true,
      "license": "MIT"
    },
    "node_modules/widest-line": {
      "version": "3.1.0",
      "dev": true,
      "license": "MIT",
      "dependencies": {
        "string-width": "^4.0.0"
      },
      "engines": {
        "node": ">=8"
      }
    },
    "node_modules/wrap-ansi": {
      "version": "7.0.0",
      "dev": true,
      "license": "MIT",
      "dependencies": {
        "ansi-styles": "^4.0.0",
        "string-width": "^4.1.0",
        "strip-ansi": "^6.0.0"
      },
      "engines": {
        "node": ">=10"
      },
      "funding": {
        "url": "https://github.com/chalk/wrap-ansi?sponsor=1"
      }
    },
    "node_modules/wrappy": {
      "version": "1.0.2",
      "dev": true,
      "license": "ISC"
    },
    "node_modules/xmlhttprequest": {
      "version": "1.8.0",
      "dev": true,
      "license": "MIT",
      "engines": {
        "node": ">=0.4.0"
      }
    }
  },
  "dependencies": {
    "@firebase/analytics": {
      "version": "0.6.2",
      "dev": true,
      "requires": {
        "@firebase/analytics-types": "0.4.0",
        "@firebase/component": "0.1.21",
        "@firebase/installations": "0.4.19",
        "@firebase/logger": "0.2.6",
        "@firebase/util": "0.3.4",
        "tslib": "^1.11.1"
      }
    },
    "@firebase/analytics-types": {
      "version": "0.4.0",
      "dev": true
    },
    "@firebase/app": {
      "version": "0.6.13",
      "dev": true,
      "requires": {
        "@firebase/app-types": "0.6.1",
        "@firebase/component": "0.1.21",
        "@firebase/logger": "0.2.6",
        "@firebase/util": "0.3.4",
        "dom-storage": "2.1.0",
        "tslib": "^1.11.1",
        "xmlhttprequest": "1.8.0"
      }
    },
    "@firebase/app-types": {
      "version": "0.6.1",
      "dev": true
    },
    "@firebase/auth": {
      "version": "0.16.1",
      "dev": true,
      "requires": {
        "@firebase/auth-types": "0.10.1"
      }
    },
    "@firebase/auth-interop-types": {
      "version": "0.1.5",
      "dev": true,
      "requires": {}
    },
    "@firebase/auth-types": {
      "version": "0.10.1",
      "dev": true,
      "requires": {}
    },
    "@firebase/component": {
      "version": "0.1.21",
      "dev": true,
      "requires": {
        "@firebase/util": "0.3.4",
        "tslib": "^1.11.1"
      }
    },
    "@firebase/database": {
      "version": "0.8.2",
      "dev": true,
      "requires": {
        "@firebase/auth-interop-types": "0.1.5",
        "@firebase/component": "0.1.21",
        "@firebase/database-types": "0.6.1",
        "@firebase/logger": "0.2.6",
        "@firebase/util": "0.3.4",
        "faye-websocket": "0.11.3",
        "tslib": "^1.11.1"
      }
    },
    "@firebase/database-types": {
      "version": "0.6.1",
      "dev": true,
      "requires": {
        "@firebase/app-types": "0.6.1"
      }
    },
    "@firebase/firestore": {
      "version": "2.1.2",
      "dev": true,
      "requires": {
        "@firebase/component": "0.1.21",
        "@firebase/firestore-types": "2.1.0",
        "@firebase/logger": "0.2.6",
        "@firebase/util": "0.3.4",
        "@firebase/webchannel-wrapper": "0.4.1",
        "@grpc/grpc-js": "^1.0.0",
        "@grpc/proto-loader": "^0.5.0",
        "node-fetch": "2.6.1",
        "tslib": "^1.11.1"
      }
    },
    "@firebase/firestore-types": {
      "version": "2.1.0",
      "dev": true,
      "requires": {}
    },
    "@firebase/functions": {
      "version": "0.6.1",
      "dev": true,
      "requires": {
        "@firebase/component": "0.1.21",
        "@firebase/functions-types": "0.4.0",
        "@firebase/messaging-types": "0.5.0",
        "node-fetch": "2.6.1",
        "tslib": "^1.11.1"
      }
    },
    "@firebase/functions-types": {
      "version": "0.4.0",
      "dev": true
    },
    "@firebase/installations": {
      "version": "0.4.19",
      "dev": true,
      "requires": {
        "@firebase/component": "0.1.21",
        "@firebase/installations-types": "0.3.4",
        "@firebase/util": "0.3.4",
        "idb": "3.0.2",
        "tslib": "^1.11.1"
      }
    },
    "@firebase/installations-types": {
      "version": "0.3.4",
      "dev": true,
      "requires": {}
    },
    "@firebase/logger": {
      "version": "0.2.6",
      "dev": true
    },
    "@firebase/messaging": {
      "version": "0.7.3",
      "dev": true,
      "requires": {
        "@firebase/component": "0.1.21",
        "@firebase/installations": "0.4.19",
        "@firebase/messaging-types": "0.5.0",
        "@firebase/util": "0.3.4",
        "idb": "3.0.2",
        "tslib": "^1.11.1"
      }
    },
    "@firebase/messaging-types": {
      "version": "0.5.0",
      "dev": true,
      "requires": {}
    },
    "@firebase/performance": {
      "version": "0.4.5",
      "dev": true,
      "requires": {
        "@firebase/component": "0.1.21",
        "@firebase/installations": "0.4.19",
        "@firebase/logger": "0.2.6",
        "@firebase/performance-types": "0.0.13",
        "@firebase/util": "0.3.4",
        "tslib": "^1.11.1"
      }
    },
    "@firebase/performance-types": {
      "version": "0.0.13",
      "dev": true
    },
    "@firebase/polyfill": {
      "version": "0.3.36",
      "dev": true,
      "requires": {
        "core-js": "3.6.5",
        "promise-polyfill": "8.1.3",
        "whatwg-fetch": "2.0.4"
      }
    },
    "@firebase/remote-config": {
      "version": "0.1.30",
      "dev": true,
      "requires": {
        "@firebase/component": "0.1.21",
        "@firebase/installations": "0.4.19",
        "@firebase/logger": "0.2.6",
        "@firebase/remote-config-types": "0.1.9",
        "@firebase/util": "0.3.4",
        "tslib": "^1.11.1"
      }
    },
    "@firebase/remote-config-types": {
      "version": "0.1.9",
      "dev": true
    },
    "@firebase/storage": {
      "version": "0.4.2",
      "dev": true,
      "requires": {
        "@firebase/component": "0.1.21",
        "@firebase/storage-types": "0.3.13",
        "@firebase/util": "0.3.4",
        "tslib": "^1.11.1"
      }
    },
    "@firebase/storage-types": {
      "version": "0.3.13",
      "dev": true,
      "requires": {}
    },
    "@firebase/util": {
      "version": "0.3.4",
      "dev": true,
      "requires": {
        "tslib": "^1.11.1"
      }
    },
    "@firebase/webchannel-wrapper": {
      "version": "0.4.1",
      "dev": true
    },
    "@grpc/grpc-js": {
      "version": "1.3.4",
      "dev": true,
      "requires": {
        "@types/node": ">=12.12.47"
      }
    },
    "@grpc/proto-loader": {
      "version": "0.5.6",
      "dev": true,
      "requires": {
        "lodash.camelcase": "^4.3.0",
        "protobufjs": "^6.8.6"
      }
    },
    "@protobufjs/aspromise": {
      "version": "1.1.2",
      "dev": true
    },
    "@protobufjs/base64": {
      "version": "1.1.2",
      "dev": true
    },
    "@protobufjs/codegen": {
      "version": "2.0.4",
      "dev": true
    },
    "@protobufjs/eventemitter": {
      "version": "1.1.0",
      "dev": true
    },
    "@protobufjs/fetch": {
      "version": "1.1.0",
      "dev": true,
      "requires": {
        "@protobufjs/aspromise": "^1.1.1",
        "@protobufjs/inquire": "^1.1.0"
      }
    },
    "@protobufjs/float": {
      "version": "1.0.2",
      "dev": true
    },
    "@protobufjs/inquire": {
      "version": "1.1.0",
      "dev": true
    },
    "@protobufjs/path": {
      "version": "1.1.2",
      "dev": true
    },
    "@protobufjs/pool": {
      "version": "1.1.0",
      "dev": true
    },
    "@protobufjs/utf8": {
      "version": "1.1.0",
      "dev": true
    },
    "@types/long": {
      "version": "4.0.1",
      "dev": true
    },
    "@types/node": {
      "version": "16.0.0",
      "dev": true
    },
    "ansi-align": {
      "version": "3.0.0",
      "dev": true,
      "requires": {
        "string-width": "^3.0.0"
      },
      "dependencies": {
        "ansi-regex": {
          "version": "4.1.0",
          "dev": true
        },
        "emoji-regex": {
          "version": "7.0.3",
          "dev": true
        },
        "is-fullwidth-code-point": {
          "version": "2.0.0",
          "dev": true
        },
        "string-width": {
          "version": "3.1.0",
          "dev": true,
          "requires": {
            "emoji-regex": "^7.0.1",
            "is-fullwidth-code-point": "^2.0.0",
            "strip-ansi": "^5.1.0"
          }
        },
        "strip-ansi": {
          "version": "5.2.0",
          "dev": true,
          "requires": {
            "ansi-regex": "^4.1.0"
          }
        }
      }
    },
    "ansi-colors": {
      "version": "4.1.1",
      "dev": true
    },
    "ansi-regex": {
      "version": "5.0.0",
      "dev": true
    },
    "ansi-styles": {
      "version": "4.3.0",
      "dev": true,
      "requires": {
        "color-convert": "^2.0.1"
      }
    },
    "anymatch": {
      "version": "3.1.2",
      "dev": true,
      "requires": {
        "normalize-path": "^3.0.0",
        "picomatch": "^2.0.4"
      }
    },
    "at-least-node": {
      "version": "1.0.0",
      "dev": true
    },
    "balanced-match": {
      "version": "1.0.2",
      "dev": true
    },
    "binary-extensions": {
      "version": "2.2.0",
      "dev": true
    },
    "bluebird": {
      "version": "3.3.4",
      "dev": true
    },
    "boxen": {
      "version": "5.0.1",
      "dev": true,
      "requires": {
        "ansi-align": "^3.0.0",
        "camelcase": "^6.2.0",
        "chalk": "^4.1.0",
        "cli-boxes": "^2.2.1",
        "string-width": "^4.2.0",
        "type-fest": "^0.20.2",
        "widest-line": "^3.1.0",
        "wrap-ansi": "^7.0.0"
      }
    },
    "brace-expansion": {
      "version": "1.1.11",
      "dev": true,
      "requires": {
        "balanced-match": "^1.0.0",
        "concat-map": "0.0.1"
      }
    },
    "braces": {
      "version": "3.0.2",
      "dev": true,
      "requires": {
        "fill-range": "^7.0.1"
      }
    },
    "camelcase": {
      "version": "6.2.0",
      "dev": true
    },
    "chalk": {
      "version": "4.1.1",
      "dev": true,
      "requires": {
        "ansi-styles": "^4.1.0",
        "supports-color": "^7.1.0"
      }
    },
    "chokidar": {
      "version": "3.5.2",
      "dev": true,
      "requires": {
        "anymatch": "~3.1.2",
        "braces": "~3.0.2",
        "fsevents": "~2.3.2",
        "glob-parent": "~5.1.2",
        "is-binary-path": "~2.1.0",
        "is-glob": "~4.0.1",
        "normalize-path": "~3.0.0",
        "readdirp": "~3.6.0"
      }
    },
    "cli-boxes": {
      "version": "2.2.1",
      "dev": true
    },
    "color-convert": {
      "version": "2.0.1",
      "dev": true,
      "requires": {
        "color-name": "~1.1.4"
      }
    },
    "color-name": {
      "version": "1.1.4",
      "dev": true
    },
    "commander": {
      "version": "6.2.1",
      "dev": true
    },
    "concat-map": {
      "version": "0.0.1",
      "dev": true
    },
    "core-js": {
      "version": "3.6.5",
      "dev": true
    },
    "diff": {
      "version": "5.0.0",
      "dev": true
    },
    "dom-storage": {
      "version": "2.1.0",
      "dev": true
    },
    "dsd-cli": {
      "version": "0.5.1",
      "resolved": "https://registry.npmjs.org/dsd-cli/-/dsd-cli-0.5.1.tgz",
      "integrity": "sha512-/wLvNNZ74CyTcwOeiK1ruB6bed1Q23V9MaoQIh26F9kDQ23HyVn9EQdEVivt8O7a0YLyJc8KPG4A2FfNuPagLg==",
      "dev": true,
      "requires": {
        "boxen": "^5.0.0",
        "chalk": "^4.1.0",
        "chokidar": "^3.5.1",
        "commander": "^6.2.1",
        "diff": "^5.0.0",
        "enquirer": "^2.3.6",
        "find-free-port": "^2.0.0",
        "find-git-root": "^1.0.4",
        "firebase": "8.2.2",
        "fs-extra": "^9.0.1",
        "glob": "^7.1.6",
        "node-fetch": "^2.6.1",
        "open": "^7.0.2",
        "pretty-file-tree": "^1.0.1",
        "rimraf": "^3.0.2",
        "shutdown-hook": "^1.1.8"
      }
    },
    "emoji-regex": {
      "version": "8.0.0",
      "dev": true
    },
    "enquirer": {
      "version": "2.3.6",
      "dev": true,
      "requires": {
        "ansi-colors": "^4.1.1"
      }
    },
    "faye-websocket": {
      "version": "0.11.3",
      "dev": true,
      "requires": {
        "websocket-driver": ">=0.5.1"
      }
    },
    "fill-range": {
      "version": "7.0.1",
      "dev": true,
      "requires": {
        "to-regex-range": "^5.0.1"
      }
    },
    "find-free-port": {
      "version": "2.0.0",
      "dev": true
    },
    "find-git-root": {
      "version": "1.0.4",
      "dev": true
    },
    "firebase": {
      "version": "8.2.2",
      "dev": true,
      "requires": {
        "@firebase/analytics": "0.6.2",
        "@firebase/app": "0.6.13",
        "@firebase/app-types": "0.6.1",
        "@firebase/auth": "0.16.1",
        "@firebase/database": "0.8.2",
        "@firebase/firestore": "2.1.2",
        "@firebase/functions": "0.6.1",
        "@firebase/installations": "0.4.19",
        "@firebase/messaging": "0.7.3",
        "@firebase/performance": "0.4.5",
        "@firebase/polyfill": "0.3.36",
        "@firebase/remote-config": "0.1.30",
        "@firebase/storage": "0.4.2",
        "@firebase/util": "0.3.4"
      }
    },
    "fs-extra": {
      "version": "9.1.0",
      "dev": true,
      "requires": {
        "at-least-node": "^1.0.0",
        "graceful-fs": "^4.2.0",
        "jsonfile": "^6.0.1",
        "universalify": "^2.0.0"
      }
    },
    "fs.realpath": {
      "version": "1.0.0",
      "dev": true
    },
    "glob": {
      "version": "7.1.7",
      "dev": true,
      "requires": {
        "fs.realpath": "^1.0.0",
        "inflight": "^1.0.4",
        "inherits": "2",
        "minimatch": "^3.0.4",
        "once": "^1.3.0",
        "path-is-absolute": "^1.0.0"
      }
    },
    "glob-parent": {
      "version": "5.1.2",
      "dev": true,
      "requires": {
        "is-glob": "^4.0.1"
      }
    },
    "graceful-fs": {
      "version": "4.2.6",
      "dev": true
    },
    "has-flag": {
      "version": "4.0.0",
      "dev": true
    },
    "http-parser-js": {
      "version": "0.5.3",
      "dev": true
    },
    "idb": {
      "version": "3.0.2",
      "dev": true
    },
    "inflight": {
      "version": "1.0.6",
      "dev": true,
      "requires": {
        "once": "^1.3.0",
        "wrappy": "1"
      }
    },
    "inherits": {
      "version": "2.0.4",
      "dev": true
    },
    "is-binary-path": {
      "version": "2.1.0",
      "dev": true,
      "requires": {
        "binary-extensions": "^2.0.0"
      }
    },
    "is-docker": {
      "version": "2.2.1",
      "dev": true
    },
    "is-extglob": {
      "version": "2.1.1",
      "dev": true
    },
    "is-fullwidth-code-point": {
      "version": "3.0.0",
      "dev": true
    },
    "is-glob": {
      "version": "4.0.1",
      "dev": true,
      "requires": {
        "is-extglob": "^2.1.1"
      }
    },
    "is-number": {
      "version": "7.0.0",
      "dev": true
    },
    "is-wsl": {
      "version": "2.2.0",
      "dev": true,
      "requires": {
        "is-docker": "^2.0.0"
      }
    },
    "jsonfile": {
      "version": "6.1.0",
      "dev": true,
      "requires": {
        "graceful-fs": "^4.1.6",
        "universalify": "^2.0.0"
      }
    },
    "lodash": {
      "version": "4.17.19",
      "dev": true
    },
    "lodash.camelcase": {
      "version": "4.3.0",
      "dev": true
    },
    "long": {
      "version": "4.0.0",
      "dev": true
    },
    "minimatch": {
      "version": "3.0.4",
      "dev": true,
      "requires": {
        "brace-expansion": "^1.1.7"
      }
    },
    "node-fetch": {
      "version": "2.6.1",
      "dev": true
    },
    "normalize-path": {
      "version": "3.0.0",
      "dev": true
    },
    "once": {
      "version": "1.4.0",
      "dev": true,
      "requires": {
        "wrappy": "1"
      }
    },
    "open": {
      "version": "7.4.2",
      "dev": true,
      "requires": {
        "is-docker": "^2.0.0",
        "is-wsl": "^2.1.1"
      }
    },
    "path-is-absolute": {
      "version": "1.0.1",
      "dev": true
    },
    "picomatch": {
      "version": "2.3.0",
      "dev": true
    },
    "pretty-file-tree": {
      "version": "1.0.1",
      "dev": true
    },
    "promise-polyfill": {
      "version": "8.1.3",
      "dev": true
    },
    "protobufjs": {
      "version": "6.11.2",
      "dev": true,
      "requires": {
        "@protobufjs/aspromise": "^1.1.2",
        "@protobufjs/base64": "^1.1.2",
        "@protobufjs/codegen": "^2.0.4",
        "@protobufjs/eventemitter": "^1.1.0",
        "@protobufjs/fetch": "^1.1.0",
        "@protobufjs/float": "^1.0.2",
        "@protobufjs/inquire": "^1.1.0",
        "@protobufjs/path": "^1.1.2",
        "@protobufjs/pool": "^1.1.0",
        "@protobufjs/utf8": "^1.1.0",
        "@types/long": "^4.0.1",
        "@types/node": ">=13.7.0",
        "long": "^4.0.0"
      }
    },
    "readdirp": {
      "version": "3.6.0",
      "dev": true,
      "requires": {
        "picomatch": "^2.2.1"
      }
    },
    "rimraf": {
      "version": "3.0.2",
      "dev": true,
      "requires": {
        "glob": "^7.1.3"
      }
    },
    "safe-buffer": {
      "version": "5.2.1",
      "dev": true
    },
    "shutdown-hook": {
      "version": "1.1.8",
      "dev": true,
      "requires": {
        "bluebird": "3.3.4",
        "lodash": "4.17.19"
      }
    },
    "string-width": {
      "version": "4.2.2",
      "dev": true,
      "requires": {
        "emoji-regex": "^8.0.0",
        "is-fullwidth-code-point": "^3.0.0",
        "strip-ansi": "^6.0.0"
      }
    },
    "strip-ansi": {
      "version": "6.0.0",
      "dev": true,
      "requires": {
        "ansi-regex": "^5.0.0"
      }
    },
    "supports-color": {
      "version": "7.2.0",
      "dev": true,
      "requires": {
        "has-flag": "^4.0.0"
      }
    },
    "to-regex-range": {
      "version": "5.0.1",
      "dev": true,
      "requires": {
        "is-number": "^7.0.0"
      }
    },
    "tslib": {
      "version": "1.14.1",
      "dev": true
    },
    "type-fest": {
      "version": "0.20.2",
      "dev": true
    },
    "universalify": {
      "version": "2.0.0",
      "dev": true
    },
    "websocket-driver": {
      "version": "0.7.4",
      "dev": true,
      "requires": {
        "http-parser-js": ">=0.5.1",
        "safe-buffer": ">=5.1.0",
        "websocket-extensions": ">=0.1.1"
      }
    },
    "websocket-extensions": {
      "version": "0.1.4",
      "dev": true
    },
    "whatwg-fetch": {
      "version": "2.0.4",
      "dev": true
    },
    "widest-line": {
      "version": "3.1.0",
      "dev": true,
      "requires": {
        "string-width": "^4.0.0"
      }
    },
    "wrap-ansi": {
      "version": "7.0.0",
      "dev": true,
      "requires": {
        "ansi-styles": "^4.0.0",
        "string-width": "^4.1.0",
        "strip-ansi": "^6.0.0"
      }
    },
    "wrappy": {
      "version": "1.0.2",
      "dev": true
    },
    "xmlhttprequest": {
      "version": "1.8.0",
      "dev": true
    }
  }
}
